{
  "name": "arc-reactor",
  "version": "1.0.0",
  "lockfileVersion": 3,
  "requires": true,
  "packages": {
    "": {
      "name": "arc-reactor",
      "version": "1.0.0",
      "dependencies": {
        "@fontsource/orbitron": "^5.3.0",
        "@fontsource/rajdhani": "^5.3.0",
        "@fontsource/share-tech-mono": "^5.3.0",
        "animejs": "3.2.2",
        "three": "0.160.0"
      }
    },
    "node_modules/@fontsource/orbitron": {
      "version": "5.3.0",
      "resolved": "https://registry.npmjs.org/@fontsource/orbitron/-/orbitron-5.3.0.tgz",
      "integrity": "sha512-+BhPsbUAo/AF7sRcf+TEexm+EWWkgTiR9Zwb7AhYIPkc5oplfvw0C45Oc2xlKPhwVEmxG8hHuA6/Ansbl+Bc6w==",
      "license": "OFL-1.1",
      "funding": {
        "url": "https://github.com/sponsors/ayuhito"
      }
    },
    "node_modules/@fontsource/rajdhani": {
      "version": "5.3.0",
      "resolved": "https://registry.npmjs.org/@fontsource/rajdhani/-/rajdhani-5.3.0.tgz",
      "integrity": "sha512-oBJgSIibWJvVBKseme1JczqPLoDHN97LHti4uh0LjfcJqQoVmnQQlRKIpEjTJV559rmVQ6qbVZZwKwk2wkBTtw==",
      "license": "OFL-1.1",
      "funding": {
        "url": "https://github.com/sponsors/ayuhito"
      }
    },
    "node_modules/@fontsource/share-tech-mono": {
      "version": "5.3.0",
      "resolved": "https://registry.npmjs.org/@fontsource/share-tech-mono/-/share-tech-mono-5.3.0.tgz",
      "integrity": "sha512-hVEzVCzEid/fBfhggMyvkfDzn9ODrMihxC0EiOeQK3BuQNvdjmith2ERnoDNUkbW8zhufbKNuCgaSoT8LUNpuQ==",
      "license": "OFL-1.1",
      "funding": {
        "url": "https://github.com/sponsors/ayuhito"
      }
    },
    "node_modules/animejs": {
      "version": "3.2.2",
      "resolved": "https://registry.npmjs.org/animejs/-/animejs-3.2.2.tgz",
      "integrity": "sha512-Ao95qWLpDPXXM+WrmwcKbl6uNlC5tjnowlaRYtuVDHHoygjtIPfDUoK9NthrlZsQSKjZXlmji2TrBUAVbiH0LQ==",
      "license": "MIT"
    },
    "node_modules/three": {
      "version": "0.160.0",
      "resolved": "https://registry.npmjs.org/three/-/three-0.160.0.tgz",
      "integrity": "sha512-DLU8lc0zNIPkM7rH5/e1Ks1Z8tWCGRq6g8mPowdDJpw1CFBJMU7UoJjC6PefXW7z//SSl0b2+GCw14LB+uDhng==",
      "license": "MIT"
    }
  }
}
